
Microsoft Visual Studio Solution File, Format Version 12.00
# Visual Studio 15
VisualStudioVersion = 15.0.26124.0
MinimumVisualStudioVersion = 15.0.26124.0
Project("{FAE04EC0-301F-11D3-BF4B-00C04F79EFBC}") = "weatherapp", "weatherapp\weatherapp.csproj", "{BC33452D-5BD7-48FA-B9A1-D96202F6F654}"
EndProject
Project("{FAE04EC0-301F-11D3-BF4B-00C04F79EFBC}") = "weatherappTests", "weatherappTests\weatherappTests.csproj", "{6423C6D6-F6E1-4D6F-9E14-81C96C2AF036}"
EndProject
Global
	GlobalSection(SolutionConfigurationPlatforms) = preSolution
		Debug|Any CPU = Debug|Any CPU
		Debug|x64 = Debug|x64
		Debug|x86 = Debug|x86
		Release|Any CPU = Release|Any CPU
		Release|x64 = Release|x64
		Release|x86 = Release|x86
	EndGlobalSection
	GlobalSection(SolutionProperties) = preSolution
		HideSolutionNode = FALSE
	EndGlobalSection
	GlobalSection(ProjectConfigurationPlatforms) = postSolution
		{BC33452D-5BD7-48FA-B9A1-D96202F6F654}.Debug|Any CPU.ActiveCfg = Debug|Any CPU
		{BC33452D-5BD7-48FA-B9A1-D96202F6F654}.Debug|Any CPU.Build.0 = Debug|Any CPU
		{BC33452D-5BD7-48FA-B9A1-D96202F6F654}.Debug|x64.ActiveCfg = Debug|Any CPU
		{BC33452D-5BD7-48FA-B9A1-D96202F6F654}.Debug|x64.Build.0 = Debug|Any CPU
		{BC33452D-5BD7-48FA-B9A1-D96202F6F654}.Debug|x86.ActiveCfg = Debug|Any CPU
		{BC33452D-5BD7-48FA-B9A1-D96202F6F654}.Debug|x86.Build.0 = Debug|Any CPU
		{BC33452D-5BD7-48FA-B9A1-D96202F6F654}.Release|Any CPU.ActiveCfg = Release|Any CPU
		{BC33452D-5BD7-48FA-B9A1-D96202F6F654}.Release|Any CPU.Build.0 = Release|Any CPU
		{BC33452D-5BD7-48FA-B9A1-D96202F6F654}.Release|x64.ActiveCfg = Release|Any CPU
		{BC33452D-5BD7-48FA-B9A1-D96202F6F654}.Release|x64.Build.0 = Release|Any CPU
		{BC33452D-5BD7-48FA-B9A1-D96202F6F654}.Release|x86.ActiveCfg = Release|Any CPU
		{BC33452D-5BD7-48FA-B9A1-D96202F6F654}.Release|x86.Build.0 = Release|Any CPU
		{6423C6D6-F6E1-4D6F-9E14-81C96C2AF036}.Debug|Any CPU.ActiveCfg = Debug|Any CPU
		{6423C6D6-F6E1-4D6F-9E14-81C96C2AF036}.Debug|Any CPU.Build.0 = Debug|Any CPU
		{6423C6D6-F6E1-4D6F-9E14-81C96C2AF036}.Debug|x64.ActiveCfg = Debug|Any CPU
		{6423C6D6-F6E1-4D6F-9E14-81C96C2AF036}.Debug|x64.Build.0 = Debug|Any CPU
		{6423C6D6-F6E1-4D6F-9E14-81C96C2AF036}.Debug|x86.ActiveCfg = Debug|Any CPU
		{6423C6D6-F6E1-4D6F-9E14-81C96C2AF036}.Debug|x86.Build.0 = Debug|Any CPU
		{6423C6D6-F6E1-4D6F-9E14-81C96C2AF036}.Release|Any CPU.ActiveCfg = Release|Any CPU
		{6423C6D6-F6E1-4D6F-9E14-81C96C2AF036}.Release|Any CPU.Build.0 = Release|Any CPU
		{6423C6D6-F6E1-4D6F-9E14-81C96C2AF036}.Release|x64.ActiveCfg = Release|Any CPU
		{6423C6D6-F6E1-4D6F-9E14-81C96C2AF036}.Release|x64.Build.0 = Release|Any CPU
		{6423C6D6-F6E1-4D6F-9E14-81C96C2AF036}.Release|x86.ActiveCfg = Release|Any CPU
		{6423C6D6-F6E1-4D6F-9E14-81C96C2AF036}.Release|x86.Build.0 = Release|Any CPU
	EndGlobalSection
EndGlobal
